
Microsoft Visual Studio Solution File, Format Version 12.00
# Visual Studio Version 17
VisualStudioVersion = 17.10.34916.146
MinimumVisualStudioVersion = 10.0.40219.1
Project("{2150E333-8FDC-42A3-9474-1A3956D46DE8}") = "Services", "Services", "{97EBA5DE-FAF8-4F28-BB74-D7632D281559}"
EndProject
Project("{2150E333-8FDC-42A3-9474-1A3956D46DE8}") = "Catalog", "Catalog", "{E0802809-531D-47FF-AF2D-8F1B1945B061}"
EndProject
Project("{9A19103F-16F7-4668-BE54-9A1E7A4F7556}") = "Catalog.API", "Services\Catalog\Catalog.API\Catalog.API.csproj", "{BDB9671E-9C01-475E-9BD7-13A387AA5F18}"
EndProject
Project("{2150E333-8FDC-42A3-9474-1A3956D46DE8}") = "BuildingBlocks", "BuildingBlocks", "{1F2385A9-9B97-4843-949D-6C8AEF5D2966}"
EndProject
Project("{9A19103F-16F7-4668-BE54-9A1E7A4F7556}") = "BuildingBlocks", "BuildingBlocks\BuildingBlocks\BuildingBlocks.csproj", "{817716C0-A9E4-4856-BBAF-29EBA4148D5A}"
EndProject
Project("{E53339B2-1760-4266-BCC7-CA923CBCF16C}") = "docker-compose", "docker-compose.dcproj", "{6980FEBA-11E0-49B1-BEF6-14464DC6E0EB}"
EndProject
Project("{2150E333-8FDC-42A3-9474-1A3956D46DE8}") = "Basket", "Basket", "{CB3AF399-9EEE-43C6-BB47-C8890E166662}"
EndProject
Project("{9A19103F-16F7-4668-BE54-9A1E7A4F7556}") = "Basket.API", "Services\Basket\Basket.API\Basket.API.csproj", "{E54D6473-3DE2-4F97-8E0F-EE0BDCF9F6D6}"
EndProject
Project("{2150E333-8FDC-42A3-9474-1A3956D46DE8}") = "Discount", "Discount", "{BE7B3BD8-411F-4469-A961-6D4B2EFE5CAE}"
EndProject
Project("{9A19103F-16F7-4668-BE54-9A1E7A4F7556}") = "Discount.Grpc", "Services\Discount\Discount.Grpc\Discount.Grpc.csproj", "{2F7C9448-9181-4E5C-B620-1991F3C86D3A}"
EndProject
Project("{2150E333-8FDC-42A3-9474-1A3956D46DE8}") = "Ordering", "Ordering", "{701DAA82-3FF2-459D-8DD1-0213E24A6BE2}"
EndProject
Project("{9A19103F-16F7-4668-BE54-9A1E7A4F7556}") = "Ordering.API", "Services\Ordering\Ordering.API\Ordering.API.csproj", "{AA875669-B97F-4143-9D26-EBD2D30AAD66}"
EndProject
Project("{9A19103F-16F7-4668-BE54-9A1E7A4F7556}") = "Ordering.Domain", "Services\Ordering\Ordering.Domain\Ordering.Domain.csproj", "{A14E6FF5-6BA4-4756-80A9-D098A85DCEF4}"
EndProject
Project("{9A19103F-16F7-4668-BE54-9A1E7A4F7556}") = "Ordering.Application", "Services\Ordering\Ordering.Application\Ordering.Application.csproj", "{56CEFFF0-09F1-4D1A-A71C-06F8BA17A3DC}"
EndProject
Project("{9A19103F-16F7-4668-BE54-9A1E7A4F7556}") = "Ordering.Infrastructure", "Services\Ordering\Ordering.Infrastructure\Ordering.Infrastructure.csproj", "{6BDD57FB-C824-46ED-9E4B-8EEAA6493C52}"
EndProject
Project("{FAE04EC0-301F-11D3-BF4B-00C04F79EFBC}") = "BuilingBlocks.Messaging", "BuildingBlocks\BuilingBlocks.Messaging\BuilingBlocks.Messaging.csproj", "{5261E626-A99D-4FF7-A897-30B9C1C56F32}"
EndProject
Global
	GlobalSection(SolutionConfigurationPlatforms) = preSolution
		Debug|Any CPU = Debug|Any CPU
		Release|Any CPU = Release|Any CPU
	EndGlobalSection
	GlobalSection(ProjectConfigurationPlatforms) = postSolution
		{BDB9671E-9C01-475E-9BD7-13A387AA5F18}.Debug|Any CPU.ActiveCfg = Debug|Any CPU
		{BDB9671E-9C01-475E-9BD7-13A387AA5F18}.Debug|Any CPU.Build.0 = Debug|Any CPU
		{BDB9671E-9C01-475E-9BD7-13A387AA5F18}.Release|Any CPU.ActiveCfg = Release|Any CPU
		{BDB9671E-9C01-475E-9BD7-13A387AA5F18}.Release|Any CPU.Build.0 = Release|Any CPU
		{817716C0-A9E4-4856-BBAF-29EBA4148D5A}.Debug|Any CPU.ActiveCfg = Debug|Any CPU
		{817716C0-A9E4-4856-BBAF-29EBA4148D5A}.Debug|Any CPU.Build.0 = Debug|Any CPU
		{817716C0-A9E4-4856-BBAF-29EBA4148D5A}.Release|Any CPU.ActiveCfg = Release|Any CPU
		{817716C0-A9E4-4856-BBAF-29EBA4148D5A}.Release|Any CPU.Build.0 = Release|Any CPU
		{6980FEBA-11E0-49B1-BEF6-14464DC6E0EB}.Debug|Any CPU.ActiveCfg = Debug|Any CPU
		{6980FEBA-11E0-49B1-BEF6-14464DC6E0EB}.Debug|Any CPU.Build.0 = Debug|Any CPU
		{6980FEBA-11E0-49B1-BEF6-14464DC6E0EB}.Release|Any CPU.ActiveCfg = Release|Any CPU
		{6980FEBA-11E0-49B1-BEF6-14464DC6E0EB}.Release|Any CPU.Build.0 = Release|Any CPU
		{E54D6473-3DE2-4F97-8E0F-EE0BDCF9F6D6}.Debug|Any CPU.ActiveCfg = Debug|Any CPU
		{E54D6473-3DE2-4F97-8E0F-EE0BDCF9F6D6}.Debug|Any CPU.Build.0 = Debug|Any CPU
		{E54D6473-3DE2-4F97-8E0F-EE0BDCF9F6D6}.Release|Any CPU.ActiveCfg = Release|Any CPU
		{E54D6473-3DE2-4F97-8E0F-EE0BDCF9F6D6}.Release|Any CPU.Build.0 = Release|Any CPU
		{2F7C9448-9181-4E5C-B620-1991F3C86D3A}.Debug|Any CPU.ActiveCfg = Debug|Any CPU
		{2F7C9448-9181-4E5C-B620-1991F3C86D3A}.Debug|Any CPU.Build.0 = Debug|Any CPU
		{2F7C9448-9181-4E5C-B620-1991F3C86D3A}.Release|Any CPU.ActiveCfg = Release|Any CPU
		{2F7C9448-9181-4E5C-B620-1991F3C86D3A}.Release|Any CPU.Build.0 = Release|Any CPU
		{AA875669-B97F-4143-9D26-EBD2D30AAD66}.Debug|Any CPU.ActiveCfg = Debug|Any CPU
		{AA875669-B97F-4143-9D26-EBD2D30AAD66}.Debug|Any CPU.Build.0 = Debug|Any CPU
		{AA875669-B97F-4143-9D26-EBD2D30AAD66}.Release|Any CPU.ActiveCfg = Release|Any CPU
		{AA875669-B97F-4143-9D26-EBD2D30AAD66}.Release|Any CPU.Build.0 = Release|Any CPU
		{A14E6FF5-6BA4-4756-80A9-D098A85DCEF4}.Debug|Any CPU.ActiveCfg = Debug|Any CPU
		{A14E6FF5-6BA4-4756-80A9-D098A85DCEF4}.Debug|Any CPU.Build.0 = Debug|Any CPU
		{A14E6FF5-6BA4-4756-80A9-D098A85DCEF4}.Release|Any CPU.ActiveCfg = Release|Any CPU
		{A14E6FF5-6BA4-4756-80A9-D098A85DCEF4}.Release|Any CPU.Build.0 = Release|Any CPU
		{56CEFFF0-09F1-4D1A-A71C-06F8BA17A3DC}.Debug|Any CPU.ActiveCfg = Debug|Any CPU
		{56CEFFF0-09F1-4D1A-A71C-06F8BA17A3DC}.Debug|Any CPU.Build.0 = Debug|Any CPU
		{56CEFFF0-09F1-4D1A-A71C-06F8BA17A3DC}.Release|Any CPU.ActiveCfg = Release|Any CPU
		{56CEFFF0-09F1-4D1A-A71C-06F8BA17A3DC}.Release|Any CPU.Build.0 = Release|Any CPU
		{6BDD57FB-C824-46ED-9E4B-8EEAA6493C52}.Debug|Any CPU.ActiveCfg = Debug|Any CPU
		{6BDD57FB-C824-46ED-9E4B-8EEAA6493C52}.Debug|Any CPU.Build.0 = Debug|Any CPU
		{6BDD57FB-C824-46ED-9E4B-8EEAA6493C52}.Release|Any CPU.ActiveCfg = Release|Any CPU
		{6BDD57FB-C824-46ED-9E4B-8EEAA6493C52}.Release|Any CPU.Build.0 = Release|Any CPU
		{5261E626-A99D-4FF7-A897-30B9C1C56F32}.Debug|Any CPU.ActiveCfg = Debug|Any CPU
		{5261E626-A99D-4FF7-A897-30B9C1C56F32}.Debug|Any CPU.Build.0 = Debug|Any CPU
		{5261E626-A99D-4FF7-A897-30B9C1C56F32}.Release|Any CPU.ActiveCfg = Release|Any CPU
		{5261E626-A99D-4FF7-A897-30B9C1C56F32}.Release|Any CPU.Build.0 = Release|Any CPU
	EndGlobalSection
	GlobalSection(SolutionProperties) = preSolution
		HideSolutionNode = FALSE
	EndGlobalSection
	GlobalSection(NestedProjects) = preSolution
		{E0802809-531D-47FF-AF2D-8F1B1945B061} = {97EBA5DE-FAF8-4F28-BB74-D7632D281559}
		{BDB9671E-9C01-475E-9BD7-13A387AA5F18} = {E0802809-531D-47FF-AF2D-8F1B1945B061}
		{817716C0-A9E4-4856-BBAF-29EBA4148D5A} = {1F2385A9-9B97-4843-949D-6C8AEF5D2966}
		{CB3AF399-9EEE-43C6-BB47-C8890E166662} = {97EBA5DE-FAF8-4F28-BB74-D7632D281559}
		{E54D6473-3DE2-4F97-8E0F-EE0BDCF9F6D6} = {CB3AF399-9EEE-43C6-BB47-C8890E166662}
		{BE7B3BD8-411F-4469-A961-6D4B2EFE5CAE} = {97EBA5DE-FAF8-4F28-BB74-D7632D281559}
		{2F7C9448-9181-4E5C-B620-1991F3C86D3A} = {BE7B3BD8-411F-4469-A961-6D4B2EFE5CAE}
		{701DAA82-3FF2-459D-8DD1-0213E24A6BE2} = {97EBA5DE-FAF8-4F28-BB74-D7632D281559}
		{AA875669-B97F-4143-9D26-EBD2D30AAD66} = {701DAA82-3FF2-459D-8DD1-0213E24A6BE2}
		{A14E6FF5-6BA4-4756-80A9-D098A85DCEF4} = {701DAA82-3FF2-459D-8DD1-0213E24A6BE2}
		{56CEFFF0-09F1-4D1A-A71C-06F8BA17A3DC} = {701DAA82-3FF2-459D-8DD1-0213E24A6BE2}
		{6BDD57FB-C824-46ED-9E4B-8EEAA6493C52} = {701DAA82-3FF2-459D-8DD1-0213E24A6BE2}
		{5261E626-A99D-4FF7-A897-30B9C1C56F32} = {1F2385A9-9B97-4843-949D-6C8AEF5D2966}
	EndGlobalSection
	GlobalSection(ExtensibilityGlobals) = postSolution
		SolutionGuid = {289D3E11-7725-4727-A999-97E71F99DBC2}
	EndGlobalSection
EndGlobal
